
Microsoft Visual Studio Solution File, Format Version 12.00
Project("{FAE04EC0-301F-11D3-BF4B-00C04F79EFBC}") = "Assignment_4_RPG_Characters", "Assignment_4_RPG_Characters\Assignment_4_RPG_Characters.csproj", "{2B313B16-58B0-483C-89E4-47D79ED492EA}"
EndProject
Global
	GlobalSection(SolutionConfigurationPlatforms) = preSolution
		Debug|Any CPU = Debug|Any CPU
		Release|Any CPU = Release|Any CPU
	EndGlobalSection
	GlobalSection(ProjectConfigurationPlatforms) = postSolution
		{2B313B16-58B0-483C-89E4-47D79ED492EA}.Debug|Any CPU.ActiveCfg = Debug|Any CPU
		{2B313B16-58B0-483C-89E4-47D79ED492EA}.Debug|Any CPU.Build.0 = Debug|Any CPU
		{2B313B16-58B0-483C-89E4-47D79ED492EA}.Release|Any CPU.ActiveCfg = Release|Any CPU
		{2B313B16-58B0-483C-89E4-47D79ED492EA}.Release|Any CPU.Build.0 = Release|Any CPU
	EndGlobalSection
EndGlobal
